{
  "name": "avro-typescript",
  "version": "0.0.5",
  "lockfileVersion": 1,
  "requires": true,
  "dependencies": {
    "@types/node": {
      "version": "7.0.69",
      "resolved": "https://registry.npmjs.org/@types/node/-/node-7.0.69.tgz",
      "integrity": "sha512-S5NC8HV6HnRipg8nC0j30TPl7ktXjRTKqgyINLNe8K/64UJUI8Lq0sRopXC0hProsV2F5ibj8IqPkl1xpGggrw==",
      "dev": true
    }
  }
}
